
Microsoft Visual Studio Solution File, Format Version 12.00
# Visual Studio 15
VisualStudioVersion = 15.0.28307.168
MinimumVisualStudioVersion = 10.0.40219.1
Project("{FAE04EC0-301F-11D3-BF4B-00C04F79EFBC}") = "ZFM206SA50_FingerPrintScaner", "ZFM206SA50_FingerPrintScaner\ZFM206SA50_FingerPrintScaner.csproj", "{3C4FECEB-5A23-4F8B-967E-BD70568BA33D}"
EndProject
Project("{FAE04EC0-301F-11D3-BF4B-00C04F79EFBC}") = "FingerPrintReaderTestConsole", "FingerPrintReaderTestConsole\FingerPrintReaderTestConsole.csproj", "{D8ED1F4D-13CE-4E60-821B-E90D2D1B5A50}"
EndProject
Global
	GlobalSection(SolutionConfigurationPlatforms) = preSolution
		Debug|Any CPU = Debug|Any CPU
		Release|Any CPU = Release|Any CPU
	EndGlobalSection
	GlobalSection(ProjectConfigurationPlatforms) = postSolution
		{3C4FECEB-5A23-4F8B-967E-BD70568BA33D}.Debug|Any CPU.ActiveCfg = Debug|Any CPU
		{3C4FECEB-5A23-4F8B-967E-BD70568BA33D}.Debug|Any CPU.Build.0 = Debug|Any CPU
		{3C4FECEB-5A23-4F8B-967E-BD70568BA33D}.Release|Any CPU.ActiveCfg = Release|Any CPU
		{3C4FECEB-5A23-4F8B-967E-BD70568BA33D}.Release|Any CPU.Build.0 = Release|Any CPU
		{D8ED1F4D-13CE-4E60-821B-E90D2D1B5A50}.Debug|Any CPU.ActiveCfg = Debug|Any CPU
		{D8ED1F4D-13CE-4E60-821B-E90D2D1B5A50}.Debug|Any CPU.Build.0 = Debug|Any CPU
		{D8ED1F4D-13CE-4E60-821B-E90D2D1B5A50}.Release|Any CPU.ActiveCfg = Release|Any CPU
		{D8ED1F4D-13CE-4E60-821B-E90D2D1B5A50}.Release|Any CPU.Build.0 = Release|Any CPU
	EndGlobalSection
	GlobalSection(SolutionProperties) = preSolution
		HideSolutionNode = FALSE
	EndGlobalSection
	GlobalSection(ExtensibilityGlobals) = postSolution
		SolutionGuid = {C7D885E6-CC48-4E62-8B49-58BCB178D5D0}
	EndGlobalSection
EndGlobal
